
Microsoft Visual Studio Solution File, Format Version 12.00
# Visual Studio 15
VisualStudioVersion = 15.0.27004.2005
MinimumVisualStudioVersion = 10.0.40219.1
Project("{FAE04EC0-301F-11D3-BF4B-00C04F79EFBC}") = "Ch3", "Ch3\Ch3.csproj", "{7E774AD9-8938-4D5D-A42F-2EA641854604}"
EndProject
Global
	GlobalSection(SolutionConfigurationPlatforms) = preSolution
		Debug|Any CPU = Debug|Any CPU
		Release|Any CPU = Release|Any CPU
	EndGlobalSection
	GlobalSection(ProjectConfigurationPlatforms) = postSolution
		{7E774AD9-8938-4D5D-A42F-2EA641854604}.Debug|Any CPU.ActiveCfg = Debug|Any CPU
		{7E774AD9-8938-4D5D-A42F-2EA641854604}.Debug|Any CPU.Build.0 = Debug|Any CPU
		{7E774AD9-8938-4D5D-A42F-2EA641854604}.Release|Any CPU.ActiveCfg = Release|Any CPU
		{7E774AD9-8938-4D5D-A42F-2EA641854604}.Release|Any CPU.Build.0 = Release|Any CPU
	EndGlobalSection
	GlobalSection(SolutionProperties) = preSolution
		HideSolutionNode = FALSE
	EndGlobalSection
	GlobalSection(ExtensibilityGlobals) = postSolution
		SolutionGuid = {7DF554BF-88A6-4294-A743-70DAF9FF5CAD}
	EndGlobalSection
EndGlobal
