
Microsoft Visual Studio Solution File, Format Version 12.00
# Visual Studio 15
VisualStudioVersion = 15.0.27004.2005
MinimumVisualStudioVersion = 10.0.40219.1
Project("{FAE04EC0-301F-11D3-BF4B-00C04F79EFBC}") = "CS2_2", "CS2_2\CS2_2.csproj", "{DD7D6C00-732E-4FC3-BEFB-56256B9E8139}"
EndProject
Global
	GlobalSection(SolutionConfigurationPlatforms) = preSolution
		Debug|Any CPU = Debug|Any CPU
		Release|Any CPU = Release|Any CPU
	EndGlobalSection
	GlobalSection(ProjectConfigurationPlatforms) = postSolution
		{DD7D6C00-732E-4FC3-BEFB-56256B9E8139}.Debug|Any CPU.ActiveCfg = Debug|Any CPU
		{DD7D6C00-732E-4FC3-BEFB-56256B9E8139}.Debug|Any CPU.Build.0 = Debug|Any CPU
		{DD7D6C00-732E-4FC3-BEFB-56256B9E8139}.Release|Any CPU.ActiveCfg = Release|Any CPU
		{DD7D6C00-732E-4FC3-BEFB-56256B9E8139}.Release|Any CPU.Build.0 = Release|Any CPU
	EndGlobalSection
	GlobalSection(SolutionProperties) = preSolution
		HideSolutionNode = FALSE
	EndGlobalSection
	GlobalSection(ExtensibilityGlobals) = postSolution
		SolutionGuid = {0CE790A6-17A8-435A-BA5C-390E1BA6139B}
	EndGlobalSection
EndGlobal
